# This file is automatically @generated by Cargo.
# It is not intended for manual editing.
version = 3

[[package]]
name = "astor-currency"
version = "0.1.0"
dependencies = [
 "chrono",
 "clap",
 "ed25519-dalek",
 "rand",
 "serde",
 "serde_json",
 "sha2",
 "thiserror",
 "tokio",
 "uuid",
]

# Additional dependencies would be listed here in a real project
